
Microsoft Visual Studio Solution File, Format Version 12.00
# Visual Studio 14
VisualStudioVersion = 14.0.23107.0
MinimumVisualStudioVersion = 10.0.40219.1
Project("{FAE04EC0-301F-11D3-BF4B-00C04F79EFBC}") = "CalculateIntegral", "CalculateIntegral\CalculateIntegral.csproj", "{9D222905-B5B1-4341-AD66-139036042888}"
EndProject
Project("{FAE04EC0-301F-11D3-BF4B-00C04F79EFBC}") = "CountSheeps", "CountSheeps\CountSheeps.csproj", "{4C2EC0C3-EA02-41BD-9E60-EAEA169284B7}"
EndProject
Project("{FAE04EC0-301F-11D3-BF4B-00C04F79EFBC}") = "BoggleSolver", "BoggleSolver\BoggleSolver.csproj", "{F713154F-EBCC-499F-B8A3-2723933853EB}"
EndProject
Project("{FAE04EC0-301F-11D3-BF4B-00C04F79EFBC}") = "CaseSwap", "CaseSwap\CaseSwap.csproj", "{7EF99267-7E83-4A2B-9448-EC66F008EB08}"
EndProject
Project("{FAE04EC0-301F-11D3-BF4B-00C04F79EFBC}") = "Kata", "Kata\Kata.csproj", "{5C930149-D28E-4BD2-8FF6-5152F666D16C}"
EndProject
Global
	GlobalSection(SolutionConfigurationPlatforms) = preSolution
		Debug|Any CPU = Debug|Any CPU
		Release|Any CPU = Release|Any CPU
	EndGlobalSection
	GlobalSection(ProjectConfigurationPlatforms) = postSolution
		{9D222905-B5B1-4341-AD66-139036042888}.Debug|Any CPU.ActiveCfg = Debug|Any CPU
		{9D222905-B5B1-4341-AD66-139036042888}.Debug|Any CPU.Build.0 = Debug|Any CPU
		{9D222905-B5B1-4341-AD66-139036042888}.Release|Any CPU.ActiveCfg = Release|Any CPU
		{9D222905-B5B1-4341-AD66-139036042888}.Release|Any CPU.Build.0 = Release|Any CPU
		{4C2EC0C3-EA02-41BD-9E60-EAEA169284B7}.Debug|Any CPU.ActiveCfg = Debug|Any CPU
		{4C2EC0C3-EA02-41BD-9E60-EAEA169284B7}.Debug|Any CPU.Build.0 = Debug|Any CPU
		{4C2EC0C3-EA02-41BD-9E60-EAEA169284B7}.Release|Any CPU.ActiveCfg = Release|Any CPU
		{4C2EC0C3-EA02-41BD-9E60-EAEA169284B7}.Release|Any CPU.Build.0 = Release|Any CPU
		{F713154F-EBCC-499F-B8A3-2723933853EB}.Debug|Any CPU.ActiveCfg = Debug|Any CPU
		{F713154F-EBCC-499F-B8A3-2723933853EB}.Debug|Any CPU.Build.0 = Debug|Any CPU
		{F713154F-EBCC-499F-B8A3-2723933853EB}.Release|Any CPU.ActiveCfg = Release|Any CPU
		{F713154F-EBCC-499F-B8A3-2723933853EB}.Release|Any CPU.Build.0 = Release|Any CPU
		{7EF99267-7E83-4A2B-9448-EC66F008EB08}.Debug|Any CPU.ActiveCfg = Debug|Any CPU
		{7EF99267-7E83-4A2B-9448-EC66F008EB08}.Debug|Any CPU.Build.0 = Debug|Any CPU
		{7EF99267-7E83-4A2B-9448-EC66F008EB08}.Release|Any CPU.ActiveCfg = Release|Any CPU
		{7EF99267-7E83-4A2B-9448-EC66F008EB08}.Release|Any CPU.Build.0 = Release|Any CPU
		{5C930149-D28E-4BD2-8FF6-5152F666D16C}.Debug|Any CPU.ActiveCfg = Debug|Any CPU
		{5C930149-D28E-4BD2-8FF6-5152F666D16C}.Debug|Any CPU.Build.0 = Debug|Any CPU
		{5C930149-D28E-4BD2-8FF6-5152F666D16C}.Release|Any CPU.ActiveCfg = Release|Any CPU
		{5C930149-D28E-4BD2-8FF6-5152F666D16C}.Release|Any CPU.Build.0 = Release|Any CPU
	EndGlobalSection
	GlobalSection(SolutionProperties) = preSolution
		HideSolutionNode = FALSE
	EndGlobalSection
EndGlobal
